
Microsoft Visual Studio Solution File, Format Version 12.00
# Visual Studio Version 17
VisualStudioVersion = 17.0.32014.148
MinimumVisualStudioVersion = 10.0.40219.1
Project("{F2A71F9B-5D33-465A-A702-920D77279786}") = "FIO", "FIO\FIO.fsproj", "{0B1D12CA-CD2E-4BEB-84F3-6549878A7DC8}"
EndProject
Project("{F2A71F9B-5D33-465A-A702-920D77279786}") = "FIO.Tests", "FIO.Tests\FIO.Tests.fsproj", "{B844806C-B71E-4792-A799-41C45FC2DF83}"
EndProject
Project("{F2A71F9B-5D33-465A-A702-920D77279786}") = "FIO.Examples", "FIO.Examples\FIO.Examples.fsproj", "{B283BF0F-08CD-422E-A25F-E8C8DCC8373D}"
EndProject
Project("{F2A71F9B-5D33-465A-A702-920D77279786}") = "FIO.Benchmark", "FIO.Benchmark\FIO.Benchmark.fsproj", "{FF020285-6B80-4420-93A3-5B62B65D3C22}"
EndProject
Global
	GlobalSection(SolutionConfigurationPlatforms) = preSolution
		Debug|Any CPU = Debug|Any CPU
		Release|Any CPU = Release|Any CPU
	EndGlobalSection
	GlobalSection(ProjectConfigurationPlatforms) = postSolution
		{0B1D12CA-CD2E-4BEB-84F3-6549878A7DC8}.Debug|Any CPU.ActiveCfg = Debug|Any CPU
		{0B1D12CA-CD2E-4BEB-84F3-6549878A7DC8}.Debug|Any CPU.Build.0 = Debug|Any CPU
		{0B1D12CA-CD2E-4BEB-84F3-6549878A7DC8}.Release|Any CPU.ActiveCfg = Release|Any CPU
		{0B1D12CA-CD2E-4BEB-84F3-6549878A7DC8}.Release|Any CPU.Build.0 = Release|Any CPU
		{B844806C-B71E-4792-A799-41C45FC2DF83}.Debug|Any CPU.ActiveCfg = Debug|Any CPU
		{B844806C-B71E-4792-A799-41C45FC2DF83}.Debug|Any CPU.Build.0 = Debug|Any CPU
		{B844806C-B71E-4792-A799-41C45FC2DF83}.Release|Any CPU.ActiveCfg = Release|Any CPU
		{B844806C-B71E-4792-A799-41C45FC2DF83}.Release|Any CPU.Build.0 = Release|Any CPU
		{B283BF0F-08CD-422E-A25F-E8C8DCC8373D}.Debug|Any CPU.ActiveCfg = Debug|Any CPU
		{B283BF0F-08CD-422E-A25F-E8C8DCC8373D}.Debug|Any CPU.Build.0 = Debug|Any CPU
		{B283BF0F-08CD-422E-A25F-E8C8DCC8373D}.Release|Any CPU.ActiveCfg = Release|Any CPU
		{B283BF0F-08CD-422E-A25F-E8C8DCC8373D}.Release|Any CPU.Build.0 = Release|Any CPU
		{FF020285-6B80-4420-93A3-5B62B65D3C22}.Debug|Any CPU.ActiveCfg = Debug|Any CPU
		{FF020285-6B80-4420-93A3-5B62B65D3C22}.Debug|Any CPU.Build.0 = Debug|Any CPU
		{FF020285-6B80-4420-93A3-5B62B65D3C22}.Release|Any CPU.ActiveCfg = Release|Any CPU
		{FF020285-6B80-4420-93A3-5B62B65D3C22}.Release|Any CPU.Build.0 = Release|Any CPU
	EndGlobalSection
	GlobalSection(SolutionProperties) = preSolution
		HideSolutionNode = FALSE
	EndGlobalSection
	GlobalSection(ExtensibilityGlobals) = postSolution
		SolutionGuid = {D1DF5FC1-3415-4228-82A5-7840BAB29B7B}
	EndGlobalSection
EndGlobal
